
Microsoft Visual Studio Solution File, Format Version 12.00
# Visual Studio Version 17
VisualStudioVersion = 17.7.34031.279
MinimumVisualStudioVersion = 10.0.40219.1
Project("{9A19103F-16F7-4668-BE54-9A1E7A4F7556}") = "Yc2023Veilingnew", "Yc2023Veilingnew.csproj", "{8307078A-D409-41DA-BEEF-C4E7388BBA58}"
EndProject
Project("{2150E333-8FDC-42A3-9474-1A3956D46DE8}") = "Solution Items", "Solution Items", "{93C7684A-A9C9-4E65-A520-E0B9F5854494}"
	ProjectSection(SolutionItems) = preProject
		.editorconfig = .editorconfig
	EndProjectSection
EndProject
Project("{2150E333-8FDC-42A3-9474-1A3956D46DE8}") = "Yc2023Veilingnew", "Yc2023Veilingnew", "{3426C340-35CB-4ACF-9C0C-91CB3CB27CEB}"
EndProject
Project("{FAE04EC0-301F-11D3-BF4B-00C04F79EFBC}") = "Datalayer", "..\Datalayer\Datalayer.csproj", "{C3493C0F-C571-460F-813E-96DE4B0DFBF7}"
EndProject
Global
	GlobalSection(SolutionConfigurationPlatforms) = preSolution
		Debug|Any CPU = Debug|Any CPU
		Release|Any CPU = Release|Any CPU
	EndGlobalSection
	GlobalSection(ProjectConfigurationPlatforms) = postSolution
		{8307078A-D409-41DA-BEEF-C4E7388BBA58}.Debug|Any CPU.ActiveCfg = Debug|Any CPU
		{8307078A-D409-41DA-BEEF-C4E7388BBA58}.Debug|Any CPU.Build.0 = Debug|Any CPU
		{8307078A-D409-41DA-BEEF-C4E7388BBA58}.Release|Any CPU.ActiveCfg = Release|Any CPU
		{8307078A-D409-41DA-BEEF-C4E7388BBA58}.Release|Any CPU.Build.0 = Release|Any CPU
		{C3493C0F-C571-460F-813E-96DE4B0DFBF7}.Debug|Any CPU.ActiveCfg = Debug|Any CPU
		{C3493C0F-C571-460F-813E-96DE4B0DFBF7}.Debug|Any CPU.Build.0 = Debug|Any CPU
		{C3493C0F-C571-460F-813E-96DE4B0DFBF7}.Release|Any CPU.ActiveCfg = Release|Any CPU
		{C3493C0F-C571-460F-813E-96DE4B0DFBF7}.Release|Any CPU.Build.0 = Release|Any CPU
	EndGlobalSection
	GlobalSection(SolutionProperties) = preSolution
		HideSolutionNode = FALSE
	EndGlobalSection
	GlobalSection(NestedProjects) = preSolution
		{8307078A-D409-41DA-BEEF-C4E7388BBA58} = {3426C340-35CB-4ACF-9C0C-91CB3CB27CEB}
	EndGlobalSection
	GlobalSection(ExtensibilityGlobals) = postSolution
		SolutionGuid = {E088694F-9201-4C39-A415-D034639448E0}
	EndGlobalSection
EndGlobal
